// !$*UTF8*$!
{
	archiveVersion = 1;
	classes = {
	};
	objectVersion = 46;
	objects = {

/* Begin PBXBuildFile section */
		2C4813B9191EAD260019B47D /* Foundation.framework in Frameworks */ = {isa = PBXBuildFile; fileRef = 2C4813B8191EAD260019B47D /* Foundation.framework */; };
		2C4813BB191EAD260019B47D /* CoreGraphics.framework in Frameworks */ = {isa = PBXBuildFile; fileRef = 2C4813BA191EAD260019B47D /* CoreGraphics.framework */; };
		2C4813BD191EAD260019B47D /* UIKit.framework in Frameworks */ = {isa = PBXBuildFile; fileRef = 2C4813BC191EAD260019B47D /* UIKit.framework */; };
		2C4813C3191EAD260019B47D /* InfoPlist.strings in Resources */ = {isa = PBXBuildFile; fileRef = 2C4813C1191EAD260019B47D /* InfoPlist.strings */; };
		2C4813C5191EAD260019B47D /* main.m in Sources */ = {isa = PBXBuildFile; fileRef = 2C4813C4191EAD260019B47D /* main.m */; };
		2C4813CB191EAD260019B47D /* Images.xcassets in Resources */ = {isa = PBXBuildFile; fileRef = 2C4813CA191EAD260019B47D /* Images.xcassets */; };
		2C4813D2191EAD260019B47D /* XCTest.framework in Frameworks */ = {isa = PBXBuildFile; fileRef = 2C4813D1191EAD260019B47D /* XCTest.framework */; };
		2C4813D3191EAD260019B47D /* Foundation.framework in Frameworks */ = {isa = PBXBuildFile; fileRef = 2C4813B8191EAD260019B47D /* Foundation.framework */; };
		2C4813D4191EAD260019B47D /* UIKit.framework in Frameworks */ = {isa = PBXBuildFile; fileRef = 2C4813BC191EAD260019B47D /* UIKit.framework */; };
		2C4813DC191EAD260019B47D /* InfoPlist.strings in Resources */ = {isa = PBXBuildFile; fileRef = 2C4813DA191EAD260019B47D /* InfoPlist.strings */; };
		2C4813DE191EAD260019B47D /* SplitBillTests.m in Sources */ = {isa = PBXBuildFile; fileRef = 2C4813DD191EAD260019B47D /* SplitBillTests.m */; };
		2C4813EC191EAD9E0019B47D /* AppDelegate.m in Sources */ = {isa = PBXBuildFile; fileRef = 2C4813E8191EAD9E0019B47D /* AppDelegate.m */; };
		2C4813ED191EAD9E0019B47D /* BillViewController.m in Sources */ = {isa = PBXBuildFile; fileRef = 2C4813EA191EAD9E0019B47D /* BillViewController.m */; };
		2C4813EE191EAD9E0019B47D /* BillViewController.xib in Resources */ = {isa = PBXBuildFile; fileRef = 2C4813EB191EAD9E0019B47D /* BillViewController.xib */; };
		2C481404191F353F0019B47D /* SettingsViewController.m in Sources */ = {isa = PBXBuildFile; fileRef = 2C481402191F353F0019B47D /* SettingsViewController.m */; };
		2C48140A192026C10019B47D /* Primary.storyboard in Resources */ = {isa = PBXBuildFile; fileRef = 2C481409192026C10019B47D /* Primary.storyboard */; };
		2C48140D1920334A0019B47D /* RootViewController.m in Sources */ = {isa = PBXBuildFile; fileRef = 2C48140C1920334A0019B47D /* RootViewController.m */; };
/* End PBXBuildFile section */

/* Begin PBXContainerItemProxy section */
		2C4813D5191EAD260019B47D /* PBXContainerItemProxy */ = {
			isa = PBXContainerItemProxy;
			containerPortal = 2C4813AD191EAD260019B47D /* Project object */;
			proxyType = 1;
			remoteGlobalIDString = 2C4813B4191EAD260019B47D;
			remoteInfo = SplitBill;
		};
/* End PBXContainerItemProxy section */

/* Begin PBXFileReference section */
		2C4813B5191EAD260019B47D /* SplitBill.app */ = {isa = PBXFileReference; explicitFileType = wrapper.application; includeInIndex = 0; path = SplitBill.app; sourceTree = BUILT_PRODUCTS_DIR; };
		2C4813B8191EAD260019B47D /* Foundation.framework */ = {isa = PBXFileReference; lastKnownFileType = wrapper.framework; name = Foundation.framework; path = System/Library/Frameworks/Foundation.framework; sourceTree = SDKROOT; };
		2C4813BA191EAD260019B47D /* CoreGraphics.framework */ = {isa = PBXFileReference; lastKnownFileType = wrapper.framework; name = CoreGraphics.framework; path = System/Library/Frameworks/CoreGraphics.framework; sourceTree = SDKROOT; };
		2C4813BC191EAD260019B47D /* UIKit.framework */ = {isa = PBXFileReference; lastKnownFileType = wrapper.framework; name = UIKit.framework; path = System/Library/Frameworks/UIKit.framework; sourceTree = SDKROOT; };
		2C4813C0191EAD260019B47D /* SplitBill-Info.plist */ = {isa = PBXFileReference; lastKnownFileType = text.plist.xml; path = "SplitBill-Info.plist"; sourceTree = "<group>"; };
		2C4813C2191EAD260019B47D /* en */ = {isa = PBXFileReference; lastKnownFileType = text.plist.strings; name = en; path = en.lproj/InfoPlist.strings; sourceTree = "<group>"; };
		2C4813C4191EAD260019B47D /* main.m */ = {isa = PBXFileReference; lastKnownFileType = sourcecode.c.objc; path = main.m; sourceTree = "<group>"; };
		2C4813C6191EAD260019B47D /* SplitBill-Prefix.pch */ = {isa = PBXFileReference; lastKnownFileType = sourcecode.c.h; path = "SplitBill-Prefix.pch"; sourceTree = "<group>"; };
		2C4813CA191EAD260019B47D /* Images.xcassets */ = {isa = PBXFileReference; lastKnownFileType = folder.assetcatalog; path = Images.xcassets; sourceTree = "<group>"; };
		2C4813D0191EAD260019B47D /* SplitBillTests.xctest */ = {isa = PBXFileReference; explicitFileType = wrapper.cfbundle; includeInIndex = 0; path = SplitBillTests.xctest; sourceTree = BUILT_PRODUCTS_DIR; };
		2C4813D1191EAD260019B47D /* XCTest.framework */ = {isa = PBXFileReference; lastKnownFileType = wrapper.framework; name = XCTest.framework; path = Library/Frameworks/XCTest.framework; sourceTree = DEVELOPER_DIR; };
		2C4813D9191EAD260019B47D /* SplitBillTests-Info.plist */ = {isa = PBXFileReference; lastKnownFileType = text.plist.xml; path = "SplitBillTests-Info.plist"; sourceTree = "<group>"; };
		2C4813DB191EAD260019B47D /* en */ = {isa = PBXFileReference; lastKnownFileType = text.plist.strings; name = en; path = en.lproj/InfoPlist.strings; sourceTree = "<group>"; };
		2C4813DD191EAD260019B47D /* SplitBillTests.m */ = {isa = PBXFileReference; lastKnownFileType = sourcecode.c.objc; path = SplitBillTests.m; sourceTree = "<group>"; };
		2C4813E7191EAD9E0019B47D /* AppDelegate.h */ = {isa = PBXFileReference; fileEncoding = 4; lastKnownFileType = sourcecode.c.h; path = AppDelegate.h; sourceTree = "<group>"; };
		2C4813E8191EAD9E0019B47D /* AppDelegate.m */ = {isa = PBXFileReference; fileEncoding = 4; lastKnownFileType = sourcecode.c.objc; path = AppDelegate.m; sourceTree = "<group>"; };
		2C4813E9191EAD9E0019B47D /* BillViewController.h */ = {isa = PBXFileReference; fileEncoding = 4; lastKnownFileType = sourcecode.c.h; path = BillViewController.h; sourceTree = "<group>"; };
		2C4813EA191EAD9E0019B47D /* BillViewController.m */ = {isa = PBXFileReference; fileEncoding = 4; lastKnownFileType = sourcecode.c.objc; path = BillViewController.m; sourceTree = "<group>"; };
		2C4813EB191EAD9E0019B47D /* BillViewController.xib */ = {isa = PBXFileReference; fileEncoding = 4; lastKnownFileType = file.xib; path = BillViewController.xib; sourceTree = "<group>"; };
		2C481401191F353F0019B47D /* SettingsViewController.h */ = {isa = PBXFileReference; fileEncoding = 4; lastKnownFileType = sourcecode.c.h; path = SettingsViewController.h; sourceTree = "<group>"; };
		2C481402191F353F0019B47D /* SettingsViewController.m */ = {isa = PBXFileReference; fileEncoding = 4; lastKnownFileType = sourcecode.c.objc; path = SettingsViewController.m; sourceTree = "<group>"; };
		2C481409192026C10019B47D /* Primary.storyboard */ = {isa = PBXFileReference; fileEncoding = 4; lastKnownFileType = file.storyboard; path = Primary.storyboard; sourceTree = "<group>"; };
		2C48140B1920334A0019B47D /* RootViewController.h */ = {isa = PBXFileReference; fileEncoding = 4; lastKnownFileType = sourcecode.c.h; path = RootViewController.h; sourceTree = "<group>"; };
		2C48140C1920334A0019B47D /* RootViewController.m */ = {isa = PBXFileReference; fileEncoding = 4; lastKnownFileType = sourcecode.c.objc; path = RootViewController.m; sourceTree = "<group>"; };
/* End PBXFileReference section */

/* Begin PBXFrameworksBuildPhase section */
		2C4813B2191EAD260019B47D /* Frameworks */ = {
			isa = PBXFrameworksBuildPhase;
			buildActionMask = 2147483647;
			files = (
				2C4813BB191EAD260019B47D /* CoreGraphics.framework in Frameworks */,
				2C4813BD191EAD260019B47D /* UIKit.framework in Frameworks */,
				2C4813B9191EAD260019B47D /* Foundation.framework in Frameworks */,
			);
			runOnlyForDeploymentPostprocessing = 0;
		};
		2C4813CD191EAD260019B47D /* Frameworks */ = {
			isa = PBXFrameworksBuildPhase;
			buildActionMask = 2147483647;
			files = (
				2C4813D2191EAD260019B47D /* XCTest.framework in Frameworks */,
				2C4813D4191EAD260019B47D /* UIKit.framework in Frameworks */,
				2C4813D3191EAD260019B47D /* Foundation.framework in Frameworks */,
			);
			runOnlyForDeploymentPostprocessing = 0;
		};
/* End PBXFrameworksBuildPhase section */

/* Begin PBXGroup section */
		2C4813AC191EAD260019B47D = {
			isa = PBXGroup;
			children = (
				2C4813BE191EAD260019B47D /* SplitBill */,
				2C4813D7191EAD260019B47D /* SplitBillTests */,
				2C4813B7191EAD260019B47D /* Frameworks */,
				2C4813B6191EAD260019B47D /* Products */,
			);
			sourceTree = "<group>";
		};
		2C4813B6191EAD260019B47D /* Products */ = {
			isa = PBXGroup;
			children = (
				2C4813B5191EAD260019B47D /* SplitBill.app */,
				2C4813D0191EAD260019B47D /* SplitBillTests.xctest */,
			);
			name = Products;
			sourceTree = "<group>";
		};
		2C4813B7191EAD260019B47D /* Frameworks */ = {
			isa = PBXGroup;
			children = (
				2C4813B8191EAD260019B47D /* Foundation.framework */,
				2C4813BA191EAD260019B47D /* CoreGraphics.framework */,
				2C4813BC191EAD260019B47D /* UIKit.framework */,
				2C4813D1191EAD260019B47D /* XCTest.framework */,
			);
			name = Frameworks;
			sourceTree = "<group>";
		};
		2C4813BE191EAD260019B47D /* SplitBill */ = {
			isa = PBXGroup;
			children = (
				2C4813EF191EADA30019B47D /* ViewControllers */,
				2C4813E7191EAD9E0019B47D /* AppDelegate.h */,
				2C4813E8191EAD9E0019B47D /* AppDelegate.m */,
				2C4813CA191EAD260019B47D /* Images.xcassets */,
				2C4813BF191EAD260019B47D /* Supporting Files */,
			);
			path = SplitBill;
			sourceTree = "<group>";
		};
		2C4813BF191EAD260019B47D /* Supporting Files */ = {
			isa = PBXGroup;
			children = (
				2C4813C0191EAD260019B47D /* SplitBill-Info.plist */,
				2C4813C1191EAD260019B47D /* InfoPlist.strings */,
				2C4813C4191EAD260019B47D /* main.m */,
				2C4813C6191EAD260019B47D /* SplitBill-Prefix.pch */,
			);
			name = "Supporting Files";
			sourceTree = "<group>";
		};
		2C4813D7191EAD260019B47D /* SplitBillTests */ = {
			isa = PBXGroup;
			children = (
				2C4813DD191EAD260019B47D /* SplitBillTests.m */,
				2C4813D8191EAD260019B47D /* Supporting Files */,
			);
			path = SplitBillTests;
			sourceTree = "<group>";
		};
		2C4813D8191EAD260019B47D /* Supporting Files */ = {
			isa = PBXGroup;
			children = (
				2C4813D9191EAD260019B47D /* SplitBillTests-Info.plist */,
				2C4813DA191EAD260019B47D /* InfoPlist.strings */,
			);
			name = "Supporting Files";
			sourceTree = "<group>";
		};
		2C4813EF191EADA30019B47D /* ViewControllers */ = {
			isa = PBXGroup;
			children = (
				2C48140B1920334A0019B47D /* RootViewController.h */,
				2C48140C1920334A0019B47D /* RootViewController.m */,
				2C481401191F353F0019B47D /* SettingsViewController.h */,
				2C481402191F353F0019B47D /* SettingsViewController.m */,
				2C4813E9191EAD9E0019B47D /* BillViewController.h */,
				2C4813EA191EAD9E0019B47D /* BillViewController.m */,
				2C4813F0191EADB20019B47D /* Interface */,
			);
			name = ViewControllers;
			sourceTree = "<group>";
		};
		2C4813F0191EADB20019B47D /* Interface */ = {
			isa = PBXGroup;
			children = (
				2C481409192026C10019B47D /* Primary.storyboard */,
				2C4813EB191EAD9E0019B47D /* BillViewController.xib */,
			);
			name = Interface;
			sourceTree = "<group>";
		};
/* End PBXGroup section */

/* Begin PBXNativeTarget section */
		2C4813B4191EAD260019B47D /* SplitBill */ = {
			isa = PBXNativeTarget;
			buildConfigurationList = 2C4813E1191EAD260019B47D /* Build configuration list for PBXNativeTarget "SplitBill" */;
			buildPhases = (
				2C4813B1191EAD260019B47D /* Sources */,
				2C4813B2191EAD260019B47D /* Frameworks */,
				2C4813B3191EAD260019B47D /* Resources */,
			);
			buildRules = (
			);
			dependencies = (
			);
			name = SplitBill;
			productName = SplitBill;
			productReference = 2C4813B5191EAD260019B47D /* SplitBill.app */;
			productType = "com.apple.product-type.application";
		};
		2C4813CF191EAD260019B47D /* SplitBillTests */ = {
			isa = PBXNativeTarget;
			buildConfigurationList = 2C4813E4191EAD260019B47D /* Build configuration list for PBXNativeTarget "SplitBillTests" */;
			buildPhases = (
				2C4813CC191EAD260019B47D /* Sources */,
				2C4813CD191EAD260019B47D /* Frameworks */,
				2C4813CE191EAD260019B47D /* Resources */,
			);
			buildRules = (
			);
			dependencies = (
				2C4813D6191EAD260019B47D /* PBXTargetDependency */,
			);
			name = SplitBillTests;
			productName = SplitBillTests;
			productReference = 2C4813D0191EAD260019B47D /* SplitBillTests.xctest */;
			productType = "com.apple.product-type.bundle.unit-test";
		};
/* End PBXNativeTarget section */

/* Begin PBXProject section */
		2C4813AD191EAD260019B47D /* Project object */ = {
			isa = PBXProject;
			attributes = {
				LastUpgradeCheck = 0510;
				ORGANIZATIONNAME = "NinjaSudo Inc";
				TargetAttributes = {
					2C4813CF191EAD260019B47D = {
						TestTargetID = 2C4813B4191EAD260019B47D;
					};
				};
			};
			buildConfigurationList = 2C4813B0191EAD260019B47D /* Build configuration list for PBXProject "SplitBill" */;
			compatibilityVersion = "Xcode 3.2";
			developmentRegion = English;
			hasScannedForEncodings = 0;
			knownRegions = (
				en,
			);
			mainGroup = 2C4813AC191EAD260019B47D;
			productRefGroup = 2C4813B6191EAD260019B47D /* Products */;
			projectDirPath = "";
			projectRoot = "";
			targets = (
				2C4813B4191EAD260019B47D /* SplitBill */,
				2C4813CF191EAD260019B47D /* SplitBillTests */,
			);
		};
/* End PBXProject section */

/* Begin PBXResourcesBuildPhase section */
		2C4813B3191EAD260019B47D /* Resources */ = {
			isa = PBXResourcesBuildPhase;
			buildActionMask = 2147483647;
			files = (
				2C4813C3191EAD260019B47D /* InfoPlist.strings in Resources */,
				2C48140A192026C10019B47D /* Primary.storyboard in Resources */,
				2C4813EE191EAD9E0019B47D /* BillViewController.xib in Resources */,
				2C4813CB191EAD260019B47D /* Images.xcassets in Resources */,
			);
			runOnlyForDeploymentPostprocessing = 0;
		};
		2C4813CE191EAD260019B47D /* Resources */ = {
			isa = PBXResourcesBuildPhase;
			buildActionMask = 2147483647;
			files = (
				2C4813DC191EAD260019B47D /* InfoPlist.strings in Resources */,
			);
			runOnlyForDeploymentPostprocessing = 0;
		};
/* End PBXResourcesBuildPhase section */

/* Begin PBXSourcesBuildPhase section */
		2C4813B1191EAD260019B47D /* Sources */ = {
			isa = PBXSourcesBuildPhase;
			buildActionMask = 2147483647;
			files = (
				2C4813EC191EAD9E0019B47D /* AppDelegate.m in Sources */,
				2C4813C5191EAD260019B47D /* main.m in Sources */,
				2C4813ED191EAD9E0019B47D /* BillViewController.m in Sources */,
				2C481404191F353F0019B47D /* SettingsViewController.m in Sources */,
				2C48140D1920334A0019B47D /* RootViewController.m in Sources */,
			);
			runOnlyForDeploymentPostprocessing = 0;
		};
		2C4813CC191EAD260019B47D /* Sources */ = {
			isa = PBXSourcesBuildPhase;
			buildActionMask = 2147483647;
			files = (
				2C4813DE191EAD260019B47D /* SplitBillTests.m in Sources */,
			);
			runOnlyForDeploymentPostprocessing = 0;
		};
/* End PBXSourcesBuildPhase section */

/* Begin PBXTargetDependency section */
		2C4813D6191EAD260019B47D /* PBXTargetDependency */ = {
			isa = PBXTargetDependency;
			target = 2C4813B4191EAD260019B47D /* SplitBill */;
			targetProxy = 2C4813D5191EAD260019B47D /* PBXContainerItemProxy */;
		};
/* End PBXTargetDependency section */

/* Begin PBXVariantGroup section */
		2C4813C1191EAD260019B47D /* InfoPlist.strings */ = {
			isa = PBXVariantGroup;
			children = (
				2C4813C2191EAD260019B47D /* en */,
			);
			name = InfoPlist.strings;
			sourceTree = "<group>";
		};
		2C4813DA191EAD260019B47D /* InfoPlist.strings */ = {
			isa = PBXVariantGroup;
			children = (
				2C4813DB191EAD260019B47D /* en */,
			);
			name = InfoPlist.strings;
			sourceTree = "<group>";
		};
/* End PBXVariantGroup section */

/* Begin XCBuildConfiguration section */
		2C4813DF191EAD260019B47D /* Debug */ = {
			isa = XCBuildConfiguration;
			buildSettings = {
				ALWAYS_SEARCH_USER_PATHS = NO;
				CLANG_CXX_LANGUAGE_STANDARD = "gnu++0x";
				CLANG_CXX_LIBRARY = "libc++";
				CLANG_ENABLE_MODULES = YES;
				CLANG_ENABLE_OBJC_ARC = YES;
				CLANG_WARN_BOOL_CONVERSION = YES;
				CLANG_WARN_CONSTANT_CONVERSION = YES;
				CLANG_WARN_DIRECT_OBJC_ISA_USAGE = YES_ERROR;
				CLANG_WARN_EMPTY_BODY = YES;
				CLANG_WARN_ENUM_CONVERSION = YES;
				CLANG_WARN_INT_CONVERSION = YES;
				CLANG_WARN_OBJC_ROOT_CLASS = YES_ERROR;
				CLANG_WARN__DUPLICATE_METHOD_MATCH = YES;
				"CODE_SIGN_IDENTITY[sdk=iphoneos*]" = "iPhone Developer";
				COPY_PHASE_STRIP = NO;
				GCC_C_LANGUAGE_STANDARD = gnu99;
				GCC_DYNAMIC_NO_PIC = NO;
				GCC_OPTIMIZATION_LEVEL = 0;
				GCC_PREPROCESSOR_DEFINITIONS = (
					"DEBUG=1",
					"$(inherited)",
				);
				GCC_SYMBOLS_PRIVATE_EXTERN = NO;
				GCC_WARN_64_TO_32_BIT_CONVERSION = YES;
				GCC_WARN_ABOUT_RETURN_TYPE = YES_ERROR;
				GCC_WARN_UNDECLARED_SELECTOR = YES;
				GCC_WARN_UNINITIALIZED_AUTOS = YES_AGGRESSIVE;
				GCC_WARN_UNUSED_FUNCTION = YES;
				GCC_WARN_UNUSED_VARIABLE = YES;
				IPHONEOS_DEPLOYMENT_TARGET = 7.1;
				ONLY_ACTIVE_ARCH = YES;
				SDKROOT = iphoneos;
			};
			name = Debug;
		};
		2C4813E0191EAD260019B47D /* Release */ = {
			isa = XCBuildConfiguration;
			buildSettings = {
				ALWAYS_SEARCH_USER_PATHS = NO;
				CLANG_CXX_LANGUAGE_STANDARD = "gnu++0x";
				CLANG_CXX_LIBRARY = "libc++";
				CLANG_ENABLE_MODULES = YES;
				CLANG_ENABLE_OBJC_ARC = YES;
				CLANG_WARN_BOOL_CONVERSION = YES;
				CLANG_WARN_CONSTANT_CONVERSION = YES;
				CLANG_WARN_DIRECT_OBJC_ISA_USAGE = YES_ERROR;
				CLANG_WARN_EMPTY_BODY = YES;
				CLANG_WARN_ENUM_CONVERSION = YES;
				CLANG_WARN_INT_CONVERSION = YES;
				CLANG_WARN_OBJC_ROOT_CLASS = YES_ERROR;
				CLANG_WARN__DUPLICATE_METHOD_MATCH = YES;
				"CODE_SIGN_IDENTITY[sdk=iphoneos*]" = "iPhone Developer";
				COPY_PHASE_STRIP = YES;
				ENABLE_NS_ASSERTIONS = NO;
				GCC_C_LANGUAGE_STANDARD = gnu99;
				GCC_WARN_64_TO_32_BIT_CONVERSION = YES;
				GCC_WARN_ABOUT_RETURN_TYPE = YES_ERROR;
				GCC_WARN_UNDECLARED_SELECTOR = YES;
				GCC_WARN_UNINITIALIZED_AUTOS = YES_AGGRESSIVE;
				GCC_WARN_UNUSED_FUNCTION = YES;
				GCC_WARN_UNUSED_VARIABLE = YES;
				IPHONEOS_DEPLOYMENT_TARGET = 7.1;
				SDKROOT = iphoneos;
				VALIDATE_PRODUCT = YES;
			};
			name = Release;
		};
		2C4813E2191EAD260019B47D /* Debug */ = {
			isa = XCBuildConfiguration;
			buildSettings = {
				ASSETCATALOG_COMPILER_APPICON_NAME = AppIcon;
				ASSETCATALOG_COMPILER_LAUNCHIMAGE_NAME = LaunchImage;
				GCC_PRECOMPILE_PREFIX_HEADER = YES;
				GCC_PREFIX_HEADER = "SplitBill/SplitBill-Prefix.pch";
				INFOPLIST_FILE = "SplitBill/SplitBill-Info.plist";
				IPHONEOS_DEPLOYMENT_TARGET = 6.0;
				PRODUCT_NAME = "$(TARGET_NAME)";
				WRAPPER_EXTENSION = app;
			};
			name = Debug;
		};
		2C4813E3191EAD260019B47D /* Release */ = {
			isa = XCBuildConfiguration;
			buildSettings = {
				ASSETCATALOG_COMPILER_APPICON_NAME = AppIcon;
				ASSETCATALOG_COMPILER_LAUNCHIMAGE_NAME = LaunchImage;
				GCC_PRECOMPILE_PREFIX_HEADER = YES;
				GCC_PREFIX_HEADER = "SplitBill/SplitBill-Prefix.pch";
				INFOPLIST_FILE = "SplitBill/SplitBill-Info.plist";
				IPHONEOS_DEPLOYMENT_TARGET = 6.0;
				PRODUCT_NAME = "$(TARGET_NAME)";
				WRAPPER_EXTENSION = app;
			};
			name = Release;
		};
		2C4813E5191EAD260019B47D /* Debug */ = {
			isa = XCBuildConfiguration;
			buildSettings = {
				BUNDLE_LOADER = "$(BUILT_PRODUCTS_DIR)/SplitBill.app/SplitBill";
				FRAMEWORK_SEARCH_PATHS = (
					"$(SDKROOT)/Developer/Library/Frameworks",
					"$(inherited)",
					"$(DEVELOPER_FRAMEWORKS_DIR)",
				);
				GCC_PRECOMPILE_PREFIX_HEADER = YES;
				GCC_PREFIX_HEADER = "SplitBill/SplitBill-Prefix.pch";
				GCC_PREPROCESSOR_DEFINITIONS = (
					"DEBUG=1",
					"$(inherited)",
				);
				INFOPLIST_FILE = "SplitBillTests/SplitBillTests-Info.plist";
				PRODUCT_NAME = "$(TARGET_NAME)";
				TEST_HOST = "$(BUNDLE_LOADER)";
				WRAPPER_EXTENSION = xctest;
			};
			name = Debug;
		};
		2C4813E6191EAD260019B47D /* Release */ = {
			isa = XCBuildConfiguration;
			buildSettings = {
				BUNDLE_LOADER = "$(BUILT_PRODUCTS_DIR)/SplitBill.app/SplitBill";
				FRAMEWORK_SEARCH_PATHS = (
					"$(SDKROOT)/Developer/Library/Frameworks",
					"$(inherited)",
					"$(DEVELOPER_FRAMEWORKS_DIR)",
				);
				GCC_PRECOMPILE_PREFIX_HEADER = YES;
				GCC_PREFIX_HEADER = "SplitBill/SplitBill-Prefix.pch";
				INFOPLIST_FILE = "SplitBillTests/SplitBillTests-Info.plist";
				PRODUCT_NAME = "$(TARGET_NAME)";
				TEST_HOST = "$(BUNDLE_LOADER)";
				WRAPPER_EXTENSION = xctest;
			};
			name = Release;
		};
/* End XCBuildConfiguration section */

/* Begin XCConfigurationList section */
		2C4813B0191EAD260019B47D /* Build configuration list for PBXProject "SplitBill" */ = {
			isa = XCConfigurationList;
			buildConfigurations = (
				2C4813DF191EAD260019B47D /* Debug */,
				2C4813E0191EAD260019B47D /* Release */,
			);
			defaultConfigurationIsVisible = 0;
			defaultConfigurationName = Release;
		};
		2C4813E1191EAD260019B47D /* Build configuration list for PBXNativeTarget "SplitBill" */ = {
			isa = XCConfigurationList;
			buildConfigurations = (
				2C4813E2191EAD260019B47D /* Debug */,
				2C4813E3191EAD260019B47D /* Release */,
			);
			defaultConfigurationIsVisible = 0;
			defaultConfigurationName = Release;
		};
		2C4813E4191EAD260019B47D /* Build configuration list for PBXNativeTarget "SplitBillTests" */ = {
			isa = XCConfigurationList;
			buildConfigurations = (
				2C4813E5191EAD260019B47D /* Debug */,
				2C4813E6191EAD260019B47D /* Release */,
			);
			defaultConfigurationIsVisible = 0;
			defaultConfigurationName = Release;
		};
/* End XCConfigurationList section */
	};
	rootObject = 2C4813AD191EAD260019B47D /* Project object */;
}
